
Microsoft Visual Studio Solution File, Format Version 12.00
# Visual Studio Version 17
VisualStudioVersion = 17.8.34511.84
MinimumVisualStudioVersion = 10.0.40219.1
Project("{2150E333-8FDC-42A3-9474-1A3956D46DE8}") = "src", "src", "{F7F168A6-172F-48D0-888A-2CE288547F81}"
EndProject
Project("{2150E333-8FDC-42A3-9474-1A3956D46DE8}") = "Services", "Services", "{83393B7F-4167-41BC-A02C-C5C4C51B38FA}"
EndProject
Project("{2150E333-8FDC-42A3-9474-1A3956D46DE8}") = "Catalog", "Catalog", "{399F1AFF-4AD6-4CEF-86BA-9E0EE4BA4AF0}"
EndProject
Project("{2150E333-8FDC-42A3-9474-1A3956D46DE8}") = "Catalog.API", "Catalog.API", "{E28B79B2-54EA-4982-A9EA-D89FC37018E3}"
EndProject
Project("{2150E333-8FDC-42A3-9474-1A3956D46DE8}") = "Catalog.Core", "Catalog.Core", "{5E530BF4-1FBD-4038-9821-3DBECC25D193}"
EndProject
Project("{2150E333-8FDC-42A3-9474-1A3956D46DE8}") = "Catalog.Service", "Catalog.Service", "{09D97470-51A4-49B5-A0C3-7B14383274BE}"
EndProject
Project("{FAE04EC0-301F-11D3-BF4B-00C04F79EFBC}") = "Catalog.API", "Catalog.API\Catalog.API.csproj", "{C17C69F7-F9DA-4E47-A01F-3F72A8E1654F}"
EndProject
Project("{2150E333-8FDC-42A3-9474-1A3956D46DE8}") = "Shared", "Shared", "{68105723-510E-4EE2-A285-BF5239893FA2}"
EndProject
Project("{FAE04EC0-301F-11D3-BF4B-00C04F79EFBC}") = "Common", "Common\Common.csproj", "{5042BB9C-CB0F-4EC9-A74F-1E43D9FF4921}"
EndProject
Project("{2150E333-8FDC-42A3-9474-1A3956D46DE8}") = "Catalog.Data", "Catalog.Data", "{02EA681E-C7D8-13C7-8484-4AC65E1B71E8}"
EndProject
Project("{FAE04EC0-301F-11D3-BF4B-00C04F79EFBC}") = "Catalog.Data", "Catalog.Data\Catalog.Data.csproj", "{02293275-C969-43AA-A708-8A18EF7C5D71}"
EndProject
Project("{FAE04EC0-301F-11D3-BF4B-00C04F79EFBC}") = "Catalog.Service", "Catalog.Service\Catalog.Service.csproj", "{34F7E768-35E4-4EF3-ADC1-12918862047B}"
EndProject
Project("{2150E333-8FDC-42A3-9474-1A3956D46DE8}") = "FileManager", "FileManager", "{267A9CB4-2C22-441F-B08B-ACCF4FA74E1F}"
EndProject
Project("{FAE04EC0-301F-11D3-BF4B-00C04F79EFBC}") = "FileManager", "FileManager\FileManager.csproj", "{268C5D2A-EC6E-4929-B2F1-27D8180533A5}"
EndProject
Project("{2150E333-8FDC-42A3-9474-1A3956D46DE8}") = "Admin", "Admin", "{95BCB466-9BD5-4359-A0B8-4F1F3B66DE92}"
EndProject
Project("{FAE04EC0-301F-11D3-BF4B-00C04F79EFBC}") = "Admin", "Admin\Admin.csproj", "{74CFEECD-DCBB-425F-A36F-82CA870F92D6}"
EndProject
Project("{2150E333-8FDC-42A3-9474-1A3956D46DE8}") = "Auth", "Auth", "{2C80931C-2966-449E-9745-92A60E79C4A6}"
EndProject
Project("{FAE04EC0-301F-11D3-BF4B-00C04F79EFBC}") = "Auth.API", "Auth.API\Auth.API.csproj", "{18351ABE-2D3B-437A-8373-1FDE366F3353}"
EndProject
Project("{2150E333-8FDC-42A3-9474-1A3956D46DE8}") = "Basket", "Basket", "{F257F5A5-D492-42D8-84EF-0A19D9D43BB7}"
EndProject
Project("{FAE04EC0-301F-11D3-BF4B-00C04F79EFBC}") = "Basket", "Basket\Basket.csproj", "{C0421448-766E-4DAF-95A6-A7C1498ED890}"
EndProject
Global
	GlobalSection(SolutionConfigurationPlatforms) = preSolution
		Debug|Any CPU = Debug|Any CPU
		Release|Any CPU = Release|Any CPU
	EndGlobalSection
	GlobalSection(ProjectConfigurationPlatforms) = postSolution
		{C17C69F7-F9DA-4E47-A01F-3F72A8E1654F}.Debug|Any CPU.ActiveCfg = Debug|Any CPU
		{C17C69F7-F9DA-4E47-A01F-3F72A8E1654F}.Debug|Any CPU.Build.0 = Debug|Any CPU
		{C17C69F7-F9DA-4E47-A01F-3F72A8E1654F}.Release|Any CPU.ActiveCfg = Release|Any CPU
		{C17C69F7-F9DA-4E47-A01F-3F72A8E1654F}.Release|Any CPU.Build.0 = Release|Any CPU
		{5042BB9C-CB0F-4EC9-A74F-1E43D9FF4921}.Debug|Any CPU.ActiveCfg = Debug|Any CPU
		{5042BB9C-CB0F-4EC9-A74F-1E43D9FF4921}.Debug|Any CPU.Build.0 = Debug|Any CPU
		{5042BB9C-CB0F-4EC9-A74F-1E43D9FF4921}.Release|Any CPU.ActiveCfg = Release|Any CPU
		{5042BB9C-CB0F-4EC9-A74F-1E43D9FF4921}.Release|Any CPU.Build.0 = Release|Any CPU
		{02293275-C969-43AA-A708-8A18EF7C5D71}.Debug|Any CPU.ActiveCfg = Debug|Any CPU
		{02293275-C969-43AA-A708-8A18EF7C5D71}.Debug|Any CPU.Build.0 = Debug|Any CPU
		{02293275-C969-43AA-A708-8A18EF7C5D71}.Release|Any CPU.ActiveCfg = Release|Any CPU
		{02293275-C969-43AA-A708-8A18EF7C5D71}.Release|Any CPU.Build.0 = Release|Any CPU
		{34F7E768-35E4-4EF3-ADC1-12918862047B}.Debug|Any CPU.ActiveCfg = Debug|Any CPU
		{34F7E768-35E4-4EF3-ADC1-12918862047B}.Debug|Any CPU.Build.0 = Debug|Any CPU
		{34F7E768-35E4-4EF3-ADC1-12918862047B}.Release|Any CPU.ActiveCfg = Release|Any CPU
		{34F7E768-35E4-4EF3-ADC1-12918862047B}.Release|Any CPU.Build.0 = Release|Any CPU
		{268C5D2A-EC6E-4929-B2F1-27D8180533A5}.Debug|Any CPU.ActiveCfg = Debug|Any CPU
		{268C5D2A-EC6E-4929-B2F1-27D8180533A5}.Debug|Any CPU.Build.0 = Debug|Any CPU
		{268C5D2A-EC6E-4929-B2F1-27D8180533A5}.Release|Any CPU.ActiveCfg = Release|Any CPU
		{268C5D2A-EC6E-4929-B2F1-27D8180533A5}.Release|Any CPU.Build.0 = Release|Any CPU
		{74CFEECD-DCBB-425F-A36F-82CA870F92D6}.Debug|Any CPU.ActiveCfg = Debug|Any CPU
		{74CFEECD-DCBB-425F-A36F-82CA870F92D6}.Debug|Any CPU.Build.0 = Debug|Any CPU
		{74CFEECD-DCBB-425F-A36F-82CA870F92D6}.Release|Any CPU.ActiveCfg = Release|Any CPU
		{74CFEECD-DCBB-425F-A36F-82CA870F92D6}.Release|Any CPU.Build.0 = Release|Any CPU
		{18351ABE-2D3B-437A-8373-1FDE366F3353}.Debug|Any CPU.ActiveCfg = Debug|Any CPU
		{18351ABE-2D3B-437A-8373-1FDE366F3353}.Debug|Any CPU.Build.0 = Debug|Any CPU
		{18351ABE-2D3B-437A-8373-1FDE366F3353}.Release|Any CPU.ActiveCfg = Release|Any CPU
		{18351ABE-2D3B-437A-8373-1FDE366F3353}.Release|Any CPU.Build.0 = Release|Any CPU
		{C0421448-766E-4DAF-95A6-A7C1498ED890}.Debug|Any CPU.ActiveCfg = Debug|Any CPU
		{C0421448-766E-4DAF-95A6-A7C1498ED890}.Debug|Any CPU.Build.0 = Debug|Any CPU
		{C0421448-766E-4DAF-95A6-A7C1498ED890}.Release|Any CPU.ActiveCfg = Release|Any CPU
		{C0421448-766E-4DAF-95A6-A7C1498ED890}.Release|Any CPU.Build.0 = Release|Any CPU
	EndGlobalSection
	GlobalSection(SolutionProperties) = preSolution
		HideSolutionNode = FALSE
	EndGlobalSection
	GlobalSection(NestedProjects) = preSolution
		{83393B7F-4167-41BC-A02C-C5C4C51B38FA} = {F7F168A6-172F-48D0-888A-2CE288547F81}
		{399F1AFF-4AD6-4CEF-86BA-9E0EE4BA4AF0} = {83393B7F-4167-41BC-A02C-C5C4C51B38FA}
		{E28B79B2-54EA-4982-A9EA-D89FC37018E3} = {399F1AFF-4AD6-4CEF-86BA-9E0EE4BA4AF0}
		{5E530BF4-1FBD-4038-9821-3DBECC25D193} = {399F1AFF-4AD6-4CEF-86BA-9E0EE4BA4AF0}
		{09D97470-51A4-49B5-A0C3-7B14383274BE} = {399F1AFF-4AD6-4CEF-86BA-9E0EE4BA4AF0}
		{C17C69F7-F9DA-4E47-A01F-3F72A8E1654F} = {E28B79B2-54EA-4982-A9EA-D89FC37018E3}
		{68105723-510E-4EE2-A285-BF5239893FA2} = {F7F168A6-172F-48D0-888A-2CE288547F81}
		{5042BB9C-CB0F-4EC9-A74F-1E43D9FF4921} = {68105723-510E-4EE2-A285-BF5239893FA2}
		{02EA681E-C7D8-13C7-8484-4AC65E1B71E8} = {399F1AFF-4AD6-4CEF-86BA-9E0EE4BA4AF0}
		{02293275-C969-43AA-A708-8A18EF7C5D71} = {02EA681E-C7D8-13C7-8484-4AC65E1B71E8}
		{34F7E768-35E4-4EF3-ADC1-12918862047B} = {09D97470-51A4-49B5-A0C3-7B14383274BE}
		{267A9CB4-2C22-441F-B08B-ACCF4FA74E1F} = {83393B7F-4167-41BC-A02C-C5C4C51B38FA}
		{268C5D2A-EC6E-4929-B2F1-27D8180533A5} = {267A9CB4-2C22-441F-B08B-ACCF4FA74E1F}
		{95BCB466-9BD5-4359-A0B8-4F1F3B66DE92} = {83393B7F-4167-41BC-A02C-C5C4C51B38FA}
		{74CFEECD-DCBB-425F-A36F-82CA870F92D6} = {95BCB466-9BD5-4359-A0B8-4F1F3B66DE92}
		{2C80931C-2966-449E-9745-92A60E79C4A6} = {83393B7F-4167-41BC-A02C-C5C4C51B38FA}
		{18351ABE-2D3B-437A-8373-1FDE366F3353} = {2C80931C-2966-449E-9745-92A60E79C4A6}
		{F257F5A5-D492-42D8-84EF-0A19D9D43BB7} = {83393B7F-4167-41BC-A02C-C5C4C51B38FA}
		{C0421448-766E-4DAF-95A6-A7C1498ED890} = {F257F5A5-D492-42D8-84EF-0A19D9D43BB7}
	EndGlobalSection
	GlobalSection(ExtensibilityGlobals) = postSolution
		SolutionGuid = {44BA766C-0DD9-4F79-9C57-F75EB6FA675F}
	EndGlobalSection
EndGlobal
